
Microsoft Visual Studio Solution File, Format Version 12.00
# Visual Studio Version 17
VisualStudioVersion = 17.0.31611.283
MinimumVisualStudioVersion = 10.0.40219.1
Project("{9A19103F-16F7-4668-BE54-9A1E7A4F7556}") = "CSSPAppGenerateCode", "CSSPAppGenerateCode\CSSPAppGenerateCode.csproj", "{0E6ACF96-592D-45B9-ACA8-A58D3F5071A2}"
EndProject
Project("{9A19103F-16F7-4668-BE54-9A1E7A4F7556}") = "GenerateCSSPEnums", "..\CodeGeneration\GenerateCSSPEnums\GenerateCSSPEnums.csproj", "{342FB40A-9396-4AEB-8013-E38DDFB459B5}"
EndProject
Project("{9A19103F-16F7-4668-BE54-9A1E7A4F7556}") = "CSSPEnums", "..\Services\CSSPEnums\CSSPEnums.csproj", "{80822190-39EC-48D2-8F6E-397EB6CEC450}"
EndProject
Project("{9A19103F-16F7-4668-BE54-9A1E7A4F7556}") = "CSSPCultureServices", "..\Services\CSSPCultureServices\CSSPCultureServices.csproj", "{B4A9CB2F-C7CB-4D1F-A328-071F66859BF9}"
EndProject
Global
	GlobalSection(SolutionConfigurationPlatforms) = preSolution
		Debug|Any CPU = Debug|Any CPU
		Release|Any CPU = Release|Any CPU
	EndGlobalSection
	GlobalSection(ProjectConfigurationPlatforms) = postSolution
		{0E6ACF96-592D-45B9-ACA8-A58D3F5071A2}.Debug|Any CPU.ActiveCfg = Debug|Any CPU
		{0E6ACF96-592D-45B9-ACA8-A58D3F5071A2}.Debug|Any CPU.Build.0 = Debug|Any CPU
		{0E6ACF96-592D-45B9-ACA8-A58D3F5071A2}.Debug|Any CPU.Deploy.0 = Debug|Any CPU
		{0E6ACF96-592D-45B9-ACA8-A58D3F5071A2}.Release|Any CPU.ActiveCfg = Release|Any CPU
		{0E6ACF96-592D-45B9-ACA8-A58D3F5071A2}.Release|Any CPU.Build.0 = Release|Any CPU
		{0E6ACF96-592D-45B9-ACA8-A58D3F5071A2}.Release|Any CPU.Deploy.0 = Release|Any CPU
		{342FB40A-9396-4AEB-8013-E38DDFB459B5}.Debug|Any CPU.ActiveCfg = Debug|Any CPU
		{342FB40A-9396-4AEB-8013-E38DDFB459B5}.Debug|Any CPU.Build.0 = Debug|Any CPU
		{342FB40A-9396-4AEB-8013-E38DDFB459B5}.Release|Any CPU.ActiveCfg = Release|Any CPU
		{342FB40A-9396-4AEB-8013-E38DDFB459B5}.Release|Any CPU.Build.0 = Release|Any CPU
		{80822190-39EC-48D2-8F6E-397EB6CEC450}.Debug|Any CPU.ActiveCfg = Debug|Any CPU
		{80822190-39EC-48D2-8F6E-397EB6CEC450}.Debug|Any CPU.Build.0 = Debug|Any CPU
		{80822190-39EC-48D2-8F6E-397EB6CEC450}.Release|Any CPU.ActiveCfg = Release|Any CPU
		{80822190-39EC-48D2-8F6E-397EB6CEC450}.Release|Any CPU.Build.0 = Release|Any CPU
		{B4A9CB2F-C7CB-4D1F-A328-071F66859BF9}.Debug|Any CPU.ActiveCfg = Debug|Any CPU
		{B4A9CB2F-C7CB-4D1F-A328-071F66859BF9}.Debug|Any CPU.Build.0 = Debug|Any CPU
		{B4A9CB2F-C7CB-4D1F-A328-071F66859BF9}.Release|Any CPU.ActiveCfg = Release|Any CPU
		{B4A9CB2F-C7CB-4D1F-A328-071F66859BF9}.Release|Any CPU.Build.0 = Release|Any CPU
	EndGlobalSection
	GlobalSection(SolutionProperties) = preSolution
		HideSolutionNode = FALSE
	EndGlobalSection
	GlobalSection(ExtensibilityGlobals) = postSolution
		SolutionGuid = {61F7FB11-1E47-470C-91E2-47F8143E1572}
	EndGlobalSection
EndGlobal
