
Microsoft Visual Studio Solution File, Format Version 12.00
# Visual Studio Version 17
VisualStudioVersion = 17.0.31611.283
MinimumVisualStudioVersion = 10.0.40219.1
Project("{9A19103F-16F7-4668-BE54-9A1E7A4F7556}") = "CSSPApp", "CSSPApp\CSSPApp.csproj", "{EC29C90F-26B3-4FBC-9578-B859941977CD}"
EndProject
Project("{9A19103F-16F7-4668-BE54-9A1E7A4F7556}") = "CSSPScrambleServices", "..\services\CSSPScrambleServices\CSSPScrambleServices.csproj", "{FEB96BE1-ADB2-41B9-98A5-E36C9F919ECD}"
EndProject
Project("{9A19103F-16F7-4668-BE54-9A1E7A4F7556}") = "CSSPScrambleServices.Tests", "..\servicestests\CSSPScrambleServices.Tests\CSSPScrambleServices.Tests.csproj", "{B8331D1B-B6AC-419A-92FD-62ADF022DE69}"
EndProject
Project("{9A19103F-16F7-4668-BE54-9A1E7A4F7556}") = "CSSPDesktopServices", "..\Services\CSSPDesktopServices\CSSPDesktopServices.csproj", "{D3EC35A0-8347-4254-9826-31C8406F8EB6}"
EndProject
Project("{9A19103F-16F7-4668-BE54-9A1E7A4F7556}") = "CSSPAppServices", "..\Services\CSSPAppServices\CSSPAppServices.csproj", "{4DE36FAD-E5B5-4D3E-A7EE-DAEE39F01F91}"
EndProject
Project("{9A19103F-16F7-4668-BE54-9A1E7A4F7556}") = "CSSPAppServices.Tests", "..\ServicesTests\CSSPAppServices.Tests\CSSPAppServices.Tests.csproj", "{BEC04787-F781-47B2-88DE-56CE0EE137D4}"
EndProject
Project("{9A19103F-16F7-4668-BE54-9A1E7A4F7556}") = "CSSPEnums", "..\Services\CSSPEnums\CSSPEnums.csproj", "{B9EDB332-BCE9-4A2F-ABDA-B981D20E7AAD}"
EndProject
Project("{9A19103F-16F7-4668-BE54-9A1E7A4F7556}") = "CSSPCultureServices", "..\Services\CSSPCultureServices\CSSPCultureServices.csproj", "{50EB778D-B1D0-4A71-92D7-A81AFEF65AFC}"
EndProject
Project("{9A19103F-16F7-4668-BE54-9A1E7A4F7556}") = "CSSPCultureServices.Tests", "..\ServicesTests\CSSPCultureServices.Tests\CSSPCultureServices.Tests.csproj", "{63058F7D-7D81-4334-B670-216A95EC36AE}"
EndProject
Project("{9A19103F-16F7-4668-BE54-9A1E7A4F7556}") = "CSSPEnums.Tests", "..\ServicesTests\CSSPEnums.Tests\CSSPEnums.Tests.csproj", "{D5139F01-7F48-4A90-89BD-D04C683FF985}"
EndProject
Project("{9A19103F-16F7-4668-BE54-9A1E7A4F7556}") = "CSSPDesktopServices.Tests", "..\ServicesTests\CSSPDesktopServices.Tests\CSSPDesktopServices.Tests.csproj", "{FE67FB92-D212-4218-81EC-D6238E4EF4B7}"
EndProject
Project("{9A19103F-16F7-4668-BE54-9A1E7A4F7556}") = "CSSPSQLiteServices.Tests", "..\ServicesTests\CSSPSQLiteServices.Tests\CSSPSQLiteServices.Tests.csproj", "{29906FB6-2C89-4D61-8543-02B59E226673}"
EndProject
Project("{9A19103F-16F7-4668-BE54-9A1E7A4F7556}") = "CSSPSQLiteServices", "..\Services\CSSPSQLiteServices\CSSPSQLiteServices.csproj", "{E5F6545C-3D6A-4674-978F-44F9BE127E9C}"
EndProject
Project("{9A19103F-16F7-4668-BE54-9A1E7A4F7556}") = "CSSPReadGzFileServices", "..\Services\CSSPReadGzFileServices\CSSPReadGzFileServices.csproj", "{C51D550B-3596-4DAA-A779-5941806767EA}"
EndProject
Project("{9A19103F-16F7-4668-BE54-9A1E7A4F7556}") = "CSSPReadGzFileServices.Tests", "..\ServicesTests\CSSPReadGzFileServices.Tests\CSSPReadGzFileServices.Tests.csproj", "{A7A90136-0074-4BEE-961F-F1E9460E355B}"
EndProject
Project("{9A19103F-16F7-4668-BE54-9A1E7A4F7556}") = "CSSPAzureLoginServices.Tests", "..\ServicesTests\CSSPAzureLoginServices.Tests\CSSPAzureLoginServices.Tests.csproj", "{E9CC77C4-0D1A-4E84-9CCD-C2649FB5025A}"
EndProject
Project("{9A19103F-16F7-4668-BE54-9A1E7A4F7556}") = "CSSPAzureLoginServices", "..\Services\CSSPAzureLoginServices\CSSPAzureLoginServices.csproj", "{EF4B44DC-5F78-4283-95BF-95BCD9FE1A47}"
EndProject
Project("{9A19103F-16F7-4668-BE54-9A1E7A4F7556}") = "CSSPLogServices", "..\Services\CSSPLogServices\CSSPLogServices.csproj", "{FB630E09-6060-4882-8F47-5DF67209EDEE}"
EndProject
Project("{9A19103F-16F7-4668-BE54-9A1E7A4F7556}") = "CSSPLogServices.Tests", "..\ServicesTests\CSSPLogServices.Tests\CSSPLogServices.Tests.csproj", "{25FEFA17-BBFC-4820-BFA0-F6EAD1156442}"
EndProject
Project("{9A19103F-16F7-4668-BE54-9A1E7A4F7556}") = "CSSPLoggedInServices.Tests", "..\ServicesTests\CSSPLoggedInServices.Tests_old\CSSPLoggedInServices.Tests.csproj", "{A89F677A-96AB-4188-B13E-187D89207BAD}"
EndProject
Project("{9A19103F-16F7-4668-BE54-9A1E7A4F7556}") = "CSSPLoggedInServices", "..\Services\CSSPLoggedInServices\CSSPLoggedInServices.csproj", "{0017B475-D65D-4887-BF83-0EA9993B8BE6}"
EndProject
Project("{9A19103F-16F7-4668-BE54-9A1E7A4F7556}") = "CSSPDBManageServices", "..\Services\CSSPDBManageServices\CSSPDBManageServices.csproj", "{BF412C72-F403-43EF-AE9A-A2ED6790DBF8}"
EndProject
Project("{9A19103F-16F7-4668-BE54-9A1E7A4F7556}") = "CSSPDBManageServices.Tests", "..\ServicesTests\CSSPDBManageServices.Tests\CSSPDBManageServices.Tests.csproj", "{40A57F64-84F8-4A86-A1A0-F9FC4D9A25DB}"
EndProject
Project("{9A19103F-16F7-4668-BE54-9A1E7A4F7556}") = "CSSPCreateGzFileLocalServices.Tests", "..\ServicesTests\CSSPCreateGzFileLocalServices.Tests\CSSPCreateGzFileLocalServices.Tests.csproj", "{802356B4-7C69-4FD9-BD56-7A160F48D0C1}"
EndProject
Project("{9A19103F-16F7-4668-BE54-9A1E7A4F7556}") = "CSSPCreateGzFileLocalServices", "..\Services\CSSPCreateGzFileLocalServices\CSSPCreateGzFileLocalServices.csproj", "{3BF29B5C-7305-4DBB-9FCC-31B400D4F921}"
EndProject
Project("{9A19103F-16F7-4668-BE54-9A1E7A4F7556}") = "CSSPWebModels", "..\Services\CSSPWebModels\CSSPWebModels.csproj", "{0EA1C663-0B29-4224-AF72-EEAF190B1F08}"
EndProject
Project("{9A19103F-16F7-4668-BE54-9A1E7A4F7556}") = "CSSPDBModels.Tests", "..\ServicesTests\CSSPDBModels.Tests\CSSPDBModels.Tests.csproj", "{26CDB408-7820-4BBA-9CE5-28FC2F30223A}"
EndProject
Project("{9A19103F-16F7-4668-BE54-9A1E7A4F7556}") = "CSSPDBModels", "..\Services\CSSPDBModels\CSSPDBModels.csproj", "{5D73A16D-E0A1-490A-926D-95C41710601C}"
EndProject
Project("{9A19103F-16F7-4668-BE54-9A1E7A4F7556}") = "CSSPCustomAttributes", "..\Services\CSSPCustomAttributes\CSSPCustomAttributes.csproj", "{2A30B864-C0F6-4779-8694-4E8749EBCCBE}"
EndProject
Project("{9A19103F-16F7-4668-BE54-9A1E7A4F7556}") = "CSSPCustomAttributes.Tests", "..\ServicesTests\CSSPCustomAttributes.Tests\CSSPCustomAttributes.Tests.csproj", "{A76B3C99-F1CC-4603-8AB8-D55087274DDA}"
EndProject
Project("{9A19103F-16F7-4668-BE54-9A1E7A4F7556}") = "CSSPModels.Tests", "..\ServicesTests\CSSPModels.Tests\CSSPModels.Tests.csproj", "{69477DD6-38A8-4AA4-BD4A-FAE867C3BB12}"
EndProject
Project("{9A19103F-16F7-4668-BE54-9A1E7A4F7556}") = "CSSPModels", "..\Services\CSSPModels\CSSPModels.csproj", "{0F47B7AD-BA4A-44DE-AA14-1780EC2D04C5}"
EndProject
Project("{9A19103F-16F7-4668-BE54-9A1E7A4F7556}") = "CSSPLocalLoggedInServices", "..\Services\CSSPLocalLoggedInServices\CSSPLocalLoggedInServices.csproj", "{A09D8F39-FE84-48A5-9EB0-A3ABB65E37BB}"
EndProject
Project("{9A19103F-16F7-4668-BE54-9A1E7A4F7556}") = "CSSPLocalLoggedInServices.Tests", "..\ServicesTests\CSSPLocalLoggedInServices.Tests\CSSPLocalLoggedInServices.Tests.csproj", "{9DCEB315-FBE2-4000-A339-9B431AF137AB}"
EndProject
Project("{9A19103F-16F7-4668-BE54-9A1E7A4F7556}") = "CSSPFileServices.Tests", "..\ServicesTests\CSSPFileServices.Tests\CSSPFileServices.Tests.csproj", "{8299A9EB-5DB8-4940-909D-D7DD4AC18FF3}"
EndProject
Project("{9A19103F-16F7-4668-BE54-9A1E7A4F7556}") = "CSSPFileServices", "..\Services\CSSPFileServices\CSSPFileServices.csproj", "{4ABB5756-45D5-47A8-980A-7892083BE96D}"
EndProject
Global
	GlobalSection(SolutionConfigurationPlatforms) = preSolution
		Debug|Any CPU = Debug|Any CPU
		Debug|x64 = Debug|x64
		Debug|x86 = Debug|x86
		Release|Any CPU = Release|Any CPU
		Release|x64 = Release|x64
		Release|x86 = Release|x86
	EndGlobalSection
	GlobalSection(ProjectConfigurationPlatforms) = postSolution
		{EC29C90F-26B3-4FBC-9578-B859941977CD}.Debug|Any CPU.ActiveCfg = Debug|Any CPU
		{EC29C90F-26B3-4FBC-9578-B859941977CD}.Debug|Any CPU.Build.0 = Debug|Any CPU
		{EC29C90F-26B3-4FBC-9578-B859941977CD}.Debug|Any CPU.Deploy.0 = Debug|Any CPU
		{EC29C90F-26B3-4FBC-9578-B859941977CD}.Debug|x64.ActiveCfg = Debug|Any CPU
		{EC29C90F-26B3-4FBC-9578-B859941977CD}.Debug|x64.Build.0 = Debug|Any CPU
		{EC29C90F-26B3-4FBC-9578-B859941977CD}.Debug|x64.Deploy.0 = Debug|Any CPU
		{EC29C90F-26B3-4FBC-9578-B859941977CD}.Debug|x86.ActiveCfg = Debug|Any CPU
		{EC29C90F-26B3-4FBC-9578-B859941977CD}.Debug|x86.Build.0 = Debug|Any CPU
		{EC29C90F-26B3-4FBC-9578-B859941977CD}.Debug|x86.Deploy.0 = Debug|Any CPU
		{EC29C90F-26B3-4FBC-9578-B859941977CD}.Release|Any CPU.ActiveCfg = Release|Any CPU
		{EC29C90F-26B3-4FBC-9578-B859941977CD}.Release|Any CPU.Build.0 = Release|Any CPU
		{EC29C90F-26B3-4FBC-9578-B859941977CD}.Release|Any CPU.Deploy.0 = Release|Any CPU
		{EC29C90F-26B3-4FBC-9578-B859941977CD}.Release|x64.ActiveCfg = Release|Any CPU
		{EC29C90F-26B3-4FBC-9578-B859941977CD}.Release|x64.Build.0 = Release|Any CPU
		{EC29C90F-26B3-4FBC-9578-B859941977CD}.Release|x64.Deploy.0 = Release|Any CPU
		{EC29C90F-26B3-4FBC-9578-B859941977CD}.Release|x86.ActiveCfg = Release|Any CPU
		{EC29C90F-26B3-4FBC-9578-B859941977CD}.Release|x86.Build.0 = Release|Any CPU
		{EC29C90F-26B3-4FBC-9578-B859941977CD}.Release|x86.Deploy.0 = Release|Any CPU
		{FEB96BE1-ADB2-41B9-98A5-E36C9F919ECD}.Debug|Any CPU.ActiveCfg = Debug|Any CPU
		{FEB96BE1-ADB2-41B9-98A5-E36C9F919ECD}.Debug|Any CPU.Build.0 = Debug|Any CPU
		{FEB96BE1-ADB2-41B9-98A5-E36C9F919ECD}.Debug|x64.ActiveCfg = Debug|Any CPU
		{FEB96BE1-ADB2-41B9-98A5-E36C9F919ECD}.Debug|x64.Build.0 = Debug|Any CPU
		{FEB96BE1-ADB2-41B9-98A5-E36C9F919ECD}.Debug|x86.ActiveCfg = Debug|Any CPU
		{FEB96BE1-ADB2-41B9-98A5-E36C9F919ECD}.Debug|x86.Build.0 = Debug|Any CPU
		{FEB96BE1-ADB2-41B9-98A5-E36C9F919ECD}.Release|Any CPU.ActiveCfg = Release|Any CPU
		{FEB96BE1-ADB2-41B9-98A5-E36C9F919ECD}.Release|Any CPU.Build.0 = Release|Any CPU
		{FEB96BE1-ADB2-41B9-98A5-E36C9F919ECD}.Release|x64.ActiveCfg = Release|Any CPU
		{FEB96BE1-ADB2-41B9-98A5-E36C9F919ECD}.Release|x64.Build.0 = Release|Any CPU
		{FEB96BE1-ADB2-41B9-98A5-E36C9F919ECD}.Release|x86.ActiveCfg = Release|Any CPU
		{FEB96BE1-ADB2-41B9-98A5-E36C9F919ECD}.Release|x86.Build.0 = Release|Any CPU
		{B8331D1B-B6AC-419A-92FD-62ADF022DE69}.Debug|Any CPU.ActiveCfg = Debug|Any CPU
		{B8331D1B-B6AC-419A-92FD-62ADF022DE69}.Debug|Any CPU.Build.0 = Debug|Any CPU
		{B8331D1B-B6AC-419A-92FD-62ADF022DE69}.Debug|x64.ActiveCfg = Debug|Any CPU
		{B8331D1B-B6AC-419A-92FD-62ADF022DE69}.Debug|x64.Build.0 = Debug|Any CPU
		{B8331D1B-B6AC-419A-92FD-62ADF022DE69}.Debug|x86.ActiveCfg = Debug|Any CPU
		{B8331D1B-B6AC-419A-92FD-62ADF022DE69}.Debug|x86.Build.0 = Debug|Any CPU
		{B8331D1B-B6AC-419A-92FD-62ADF022DE69}.Release|Any CPU.ActiveCfg = Release|Any CPU
		{B8331D1B-B6AC-419A-92FD-62ADF022DE69}.Release|Any CPU.Build.0 = Release|Any CPU
		{B8331D1B-B6AC-419A-92FD-62ADF022DE69}.Release|x64.ActiveCfg = Release|Any CPU
		{B8331D1B-B6AC-419A-92FD-62ADF022DE69}.Release|x64.Build.0 = Release|Any CPU
		{B8331D1B-B6AC-419A-92FD-62ADF022DE69}.Release|x86.ActiveCfg = Release|Any CPU
		{B8331D1B-B6AC-419A-92FD-62ADF022DE69}.Release|x86.Build.0 = Release|Any CPU
		{D3EC35A0-8347-4254-9826-31C8406F8EB6}.Debug|Any CPU.ActiveCfg = Debug|Any CPU
		{D3EC35A0-8347-4254-9826-31C8406F8EB6}.Debug|Any CPU.Build.0 = Debug|Any CPU
		{D3EC35A0-8347-4254-9826-31C8406F8EB6}.Debug|x64.ActiveCfg = Debug|Any CPU
		{D3EC35A0-8347-4254-9826-31C8406F8EB6}.Debug|x86.ActiveCfg = Debug|Any CPU
		{D3EC35A0-8347-4254-9826-31C8406F8EB6}.Release|Any CPU.ActiveCfg = Release|Any CPU
		{D3EC35A0-8347-4254-9826-31C8406F8EB6}.Release|Any CPU.Build.0 = Release|Any CPU
		{D3EC35A0-8347-4254-9826-31C8406F8EB6}.Release|x64.ActiveCfg = Release|Any CPU
		{D3EC35A0-8347-4254-9826-31C8406F8EB6}.Release|x86.ActiveCfg = Release|Any CPU
		{4DE36FAD-E5B5-4D3E-A7EE-DAEE39F01F91}.Debug|Any CPU.ActiveCfg = Debug|Any CPU
		{4DE36FAD-E5B5-4D3E-A7EE-DAEE39F01F91}.Debug|Any CPU.Build.0 = Debug|Any CPU
		{4DE36FAD-E5B5-4D3E-A7EE-DAEE39F01F91}.Debug|x64.ActiveCfg = Debug|Any CPU
		{4DE36FAD-E5B5-4D3E-A7EE-DAEE39F01F91}.Debug|x64.Build.0 = Debug|Any CPU
		{4DE36FAD-E5B5-4D3E-A7EE-DAEE39F01F91}.Debug|x86.ActiveCfg = Debug|Any CPU
		{4DE36FAD-E5B5-4D3E-A7EE-DAEE39F01F91}.Debug|x86.Build.0 = Debug|Any CPU
		{4DE36FAD-E5B5-4D3E-A7EE-DAEE39F01F91}.Release|Any CPU.ActiveCfg = Release|Any CPU
		{4DE36FAD-E5B5-4D3E-A7EE-DAEE39F01F91}.Release|Any CPU.Build.0 = Release|Any CPU
		{4DE36FAD-E5B5-4D3E-A7EE-DAEE39F01F91}.Release|x64.ActiveCfg = Release|Any CPU
		{4DE36FAD-E5B5-4D3E-A7EE-DAEE39F01F91}.Release|x64.Build.0 = Release|Any CPU
		{4DE36FAD-E5B5-4D3E-A7EE-DAEE39F01F91}.Release|x86.ActiveCfg = Release|Any CPU
		{4DE36FAD-E5B5-4D3E-A7EE-DAEE39F01F91}.Release|x86.Build.0 = Release|Any CPU
		{BEC04787-F781-47B2-88DE-56CE0EE137D4}.Debug|Any CPU.ActiveCfg = Debug|Any CPU
		{BEC04787-F781-47B2-88DE-56CE0EE137D4}.Debug|Any CPU.Build.0 = Debug|Any CPU
		{BEC04787-F781-47B2-88DE-56CE0EE137D4}.Debug|x64.ActiveCfg = Debug|Any CPU
		{BEC04787-F781-47B2-88DE-56CE0EE137D4}.Debug|x64.Build.0 = Debug|Any CPU
		{BEC04787-F781-47B2-88DE-56CE0EE137D4}.Debug|x86.ActiveCfg = Debug|Any CPU
		{BEC04787-F781-47B2-88DE-56CE0EE137D4}.Debug|x86.Build.0 = Debug|Any CPU
		{BEC04787-F781-47B2-88DE-56CE0EE137D4}.Release|Any CPU.ActiveCfg = Release|Any CPU
		{BEC04787-F781-47B2-88DE-56CE0EE137D4}.Release|Any CPU.Build.0 = Release|Any CPU
		{BEC04787-F781-47B2-88DE-56CE0EE137D4}.Release|x64.ActiveCfg = Release|Any CPU
		{BEC04787-F781-47B2-88DE-56CE0EE137D4}.Release|x64.Build.0 = Release|Any CPU
		{BEC04787-F781-47B2-88DE-56CE0EE137D4}.Release|x86.ActiveCfg = Release|Any CPU
		{BEC04787-F781-47B2-88DE-56CE0EE137D4}.Release|x86.Build.0 = Release|Any CPU
		{B9EDB332-BCE9-4A2F-ABDA-B981D20E7AAD}.Debug|Any CPU.ActiveCfg = Debug|Any CPU
		{B9EDB332-BCE9-4A2F-ABDA-B981D20E7AAD}.Debug|Any CPU.Build.0 = Debug|Any CPU
		{B9EDB332-BCE9-4A2F-ABDA-B981D20E7AAD}.Debug|x64.ActiveCfg = Debug|Any CPU
		{B9EDB332-BCE9-4A2F-ABDA-B981D20E7AAD}.Debug|x64.Build.0 = Debug|Any CPU
		{B9EDB332-BCE9-4A2F-ABDA-B981D20E7AAD}.Debug|x86.ActiveCfg = Debug|Any CPU
		{B9EDB332-BCE9-4A2F-ABDA-B981D20E7AAD}.Debug|x86.Build.0 = Debug|Any CPU
		{B9EDB332-BCE9-4A2F-ABDA-B981D20E7AAD}.Release|Any CPU.ActiveCfg = Release|Any CPU
		{B9EDB332-BCE9-4A2F-ABDA-B981D20E7AAD}.Release|Any CPU.Build.0 = Release|Any CPU
		{B9EDB332-BCE9-4A2F-ABDA-B981D20E7AAD}.Release|x64.ActiveCfg = Release|Any CPU
		{B9EDB332-BCE9-4A2F-ABDA-B981D20E7AAD}.Release|x64.Build.0 = Release|Any CPU
		{B9EDB332-BCE9-4A2F-ABDA-B981D20E7AAD}.Release|x86.ActiveCfg = Release|Any CPU
		{B9EDB332-BCE9-4A2F-ABDA-B981D20E7AAD}.Release|x86.Build.0 = Release|Any CPU
		{50EB778D-B1D0-4A71-92D7-A81AFEF65AFC}.Debug|Any CPU.ActiveCfg = Debug|Any CPU
		{50EB778D-B1D0-4A71-92D7-A81AFEF65AFC}.Debug|Any CPU.Build.0 = Debug|Any CPU
		{50EB778D-B1D0-4A71-92D7-A81AFEF65AFC}.Debug|x64.ActiveCfg = Debug|Any CPU
		{50EB778D-B1D0-4A71-92D7-A81AFEF65AFC}.Debug|x64.Build.0 = Debug|Any CPU
		{50EB778D-B1D0-4A71-92D7-A81AFEF65AFC}.Debug|x86.ActiveCfg = Debug|Any CPU
		{50EB778D-B1D0-4A71-92D7-A81AFEF65AFC}.Debug|x86.Build.0 = Debug|Any CPU
		{50EB778D-B1D0-4A71-92D7-A81AFEF65AFC}.Release|Any CPU.ActiveCfg = Release|Any CPU
		{50EB778D-B1D0-4A71-92D7-A81AFEF65AFC}.Release|Any CPU.Build.0 = Release|Any CPU
		{50EB778D-B1D0-4A71-92D7-A81AFEF65AFC}.Release|x64.ActiveCfg = Release|Any CPU
		{50EB778D-B1D0-4A71-92D7-A81AFEF65AFC}.Release|x64.Build.0 = Release|Any CPU
		{50EB778D-B1D0-4A71-92D7-A81AFEF65AFC}.Release|x86.ActiveCfg = Release|Any CPU
		{50EB778D-B1D0-4A71-92D7-A81AFEF65AFC}.Release|x86.Build.0 = Release|Any CPU
		{63058F7D-7D81-4334-B670-216A95EC36AE}.Debug|Any CPU.ActiveCfg = Debug|Any CPU
		{63058F7D-7D81-4334-B670-216A95EC36AE}.Debug|Any CPU.Build.0 = Debug|Any CPU
		{63058F7D-7D81-4334-B670-216A95EC36AE}.Debug|x64.ActiveCfg = Debug|Any CPU
		{63058F7D-7D81-4334-B670-216A95EC36AE}.Debug|x64.Build.0 = Debug|Any CPU
		{63058F7D-7D81-4334-B670-216A95EC36AE}.Debug|x86.ActiveCfg = Debug|Any CPU
		{63058F7D-7D81-4334-B670-216A95EC36AE}.Debug|x86.Build.0 = Debug|Any CPU
		{63058F7D-7D81-4334-B670-216A95EC36AE}.Release|Any CPU.ActiveCfg = Release|Any CPU
		{63058F7D-7D81-4334-B670-216A95EC36AE}.Release|Any CPU.Build.0 = Release|Any CPU
		{63058F7D-7D81-4334-B670-216A95EC36AE}.Release|x64.ActiveCfg = Release|Any CPU
		{63058F7D-7D81-4334-B670-216A95EC36AE}.Release|x64.Build.0 = Release|Any CPU
		{63058F7D-7D81-4334-B670-216A95EC36AE}.Release|x86.ActiveCfg = Release|Any CPU
		{63058F7D-7D81-4334-B670-216A95EC36AE}.Release|x86.Build.0 = Release|Any CPU
		{D5139F01-7F48-4A90-89BD-D04C683FF985}.Debug|Any CPU.ActiveCfg = Debug|Any CPU
		{D5139F01-7F48-4A90-89BD-D04C683FF985}.Debug|Any CPU.Build.0 = Debug|Any CPU
		{D5139F01-7F48-4A90-89BD-D04C683FF985}.Debug|x64.ActiveCfg = Debug|Any CPU
		{D5139F01-7F48-4A90-89BD-D04C683FF985}.Debug|x64.Build.0 = Debug|Any CPU
		{D5139F01-7F48-4A90-89BD-D04C683FF985}.Debug|x86.ActiveCfg = Debug|Any CPU
		{D5139F01-7F48-4A90-89BD-D04C683FF985}.Debug|x86.Build.0 = Debug|Any CPU
		{D5139F01-7F48-4A90-89BD-D04C683FF985}.Release|Any CPU.ActiveCfg = Release|Any CPU
		{D5139F01-7F48-4A90-89BD-D04C683FF985}.Release|Any CPU.Build.0 = Release|Any CPU
		{D5139F01-7F48-4A90-89BD-D04C683FF985}.Release|x64.ActiveCfg = Release|Any CPU
		{D5139F01-7F48-4A90-89BD-D04C683FF985}.Release|x64.Build.0 = Release|Any CPU
		{D5139F01-7F48-4A90-89BD-D04C683FF985}.Release|x86.ActiveCfg = Release|Any CPU
		{D5139F01-7F48-4A90-89BD-D04C683FF985}.Release|x86.Build.0 = Release|Any CPU
		{FE67FB92-D212-4218-81EC-D6238E4EF4B7}.Debug|Any CPU.ActiveCfg = Debug|Any CPU
		{FE67FB92-D212-4218-81EC-D6238E4EF4B7}.Debug|Any CPU.Build.0 = Debug|Any CPU
		{FE67FB92-D212-4218-81EC-D6238E4EF4B7}.Debug|x64.ActiveCfg = Debug|x64
		{FE67FB92-D212-4218-81EC-D6238E4EF4B7}.Debug|x64.Build.0 = Debug|x64
		{FE67FB92-D212-4218-81EC-D6238E4EF4B7}.Debug|x86.ActiveCfg = Debug|Any CPU
		{FE67FB92-D212-4218-81EC-D6238E4EF4B7}.Debug|x86.Build.0 = Debug|Any CPU
		{FE67FB92-D212-4218-81EC-D6238E4EF4B7}.Release|Any CPU.ActiveCfg = Release|Any CPU
		{FE67FB92-D212-4218-81EC-D6238E4EF4B7}.Release|Any CPU.Build.0 = Release|Any CPU
		{FE67FB92-D212-4218-81EC-D6238E4EF4B7}.Release|x64.ActiveCfg = Release|x64
		{FE67FB92-D212-4218-81EC-D6238E4EF4B7}.Release|x64.Build.0 = Release|x64
		{FE67FB92-D212-4218-81EC-D6238E4EF4B7}.Release|x86.ActiveCfg = Release|Any CPU
		{FE67FB92-D212-4218-81EC-D6238E4EF4B7}.Release|x86.Build.0 = Release|Any CPU
		{29906FB6-2C89-4D61-8543-02B59E226673}.Debug|Any CPU.ActiveCfg = Debug|Any CPU
		{29906FB6-2C89-4D61-8543-02B59E226673}.Debug|Any CPU.Build.0 = Debug|Any CPU
		{29906FB6-2C89-4D61-8543-02B59E226673}.Debug|x64.ActiveCfg = Debug|Any CPU
		{29906FB6-2C89-4D61-8543-02B59E226673}.Debug|x64.Build.0 = Debug|Any CPU
		{29906FB6-2C89-4D61-8543-02B59E226673}.Debug|x86.ActiveCfg = Debug|Any CPU
		{29906FB6-2C89-4D61-8543-02B59E226673}.Debug|x86.Build.0 = Debug|Any CPU
		{29906FB6-2C89-4D61-8543-02B59E226673}.Release|Any CPU.ActiveCfg = Release|Any CPU
		{29906FB6-2C89-4D61-8543-02B59E226673}.Release|Any CPU.Build.0 = Release|Any CPU
		{29906FB6-2C89-4D61-8543-02B59E226673}.Release|x64.ActiveCfg = Release|Any CPU
		{29906FB6-2C89-4D61-8543-02B59E226673}.Release|x64.Build.0 = Release|Any CPU
		{29906FB6-2C89-4D61-8543-02B59E226673}.Release|x86.ActiveCfg = Release|Any CPU
		{29906FB6-2C89-4D61-8543-02B59E226673}.Release|x86.Build.0 = Release|Any CPU
		{E5F6545C-3D6A-4674-978F-44F9BE127E9C}.Debug|Any CPU.ActiveCfg = Debug|Any CPU
		{E5F6545C-3D6A-4674-978F-44F9BE127E9C}.Debug|Any CPU.Build.0 = Debug|Any CPU
		{E5F6545C-3D6A-4674-978F-44F9BE127E9C}.Debug|x64.ActiveCfg = Debug|Any CPU
		{E5F6545C-3D6A-4674-978F-44F9BE127E9C}.Debug|x64.Build.0 = Debug|Any CPU
		{E5F6545C-3D6A-4674-978F-44F9BE127E9C}.Debug|x86.ActiveCfg = Debug|Any CPU
		{E5F6545C-3D6A-4674-978F-44F9BE127E9C}.Debug|x86.Build.0 = Debug|Any CPU
		{E5F6545C-3D6A-4674-978F-44F9BE127E9C}.Release|Any CPU.ActiveCfg = Release|Any CPU
		{E5F6545C-3D6A-4674-978F-44F9BE127E9C}.Release|Any CPU.Build.0 = Release|Any CPU
		{E5F6545C-3D6A-4674-978F-44F9BE127E9C}.Release|x64.ActiveCfg = Release|Any CPU
		{E5F6545C-3D6A-4674-978F-44F9BE127E9C}.Release|x64.Build.0 = Release|Any CPU
		{E5F6545C-3D6A-4674-978F-44F9BE127E9C}.Release|x86.ActiveCfg = Release|Any CPU
		{E5F6545C-3D6A-4674-978F-44F9BE127E9C}.Release|x86.Build.0 = Release|Any CPU
		{C51D550B-3596-4DAA-A779-5941806767EA}.Debug|Any CPU.ActiveCfg = Debug|Any CPU
		{C51D550B-3596-4DAA-A779-5941806767EA}.Debug|Any CPU.Build.0 = Debug|Any CPU
		{C51D550B-3596-4DAA-A779-5941806767EA}.Debug|x64.ActiveCfg = Debug|Any CPU
		{C51D550B-3596-4DAA-A779-5941806767EA}.Debug|x64.Build.0 = Debug|Any CPU
		{C51D550B-3596-4DAA-A779-5941806767EA}.Debug|x86.ActiveCfg = Debug|Any CPU
		{C51D550B-3596-4DAA-A779-5941806767EA}.Debug|x86.Build.0 = Debug|Any CPU
		{C51D550B-3596-4DAA-A779-5941806767EA}.Release|Any CPU.ActiveCfg = Release|Any CPU
		{C51D550B-3596-4DAA-A779-5941806767EA}.Release|Any CPU.Build.0 = Release|Any CPU
		{C51D550B-3596-4DAA-A779-5941806767EA}.Release|x64.ActiveCfg = Release|Any CPU
		{C51D550B-3596-4DAA-A779-5941806767EA}.Release|x64.Build.0 = Release|Any CPU
		{C51D550B-3596-4DAA-A779-5941806767EA}.Release|x86.ActiveCfg = Release|Any CPU
		{C51D550B-3596-4DAA-A779-5941806767EA}.Release|x86.Build.0 = Release|Any CPU
		{A7A90136-0074-4BEE-961F-F1E9460E355B}.Debug|Any CPU.ActiveCfg = Debug|Any CPU
		{A7A90136-0074-4BEE-961F-F1E9460E355B}.Debug|Any CPU.Build.0 = Debug|Any CPU
		{A7A90136-0074-4BEE-961F-F1E9460E355B}.Debug|x64.ActiveCfg = Debug|Any CPU
		{A7A90136-0074-4BEE-961F-F1E9460E355B}.Debug|x64.Build.0 = Debug|Any CPU
		{A7A90136-0074-4BEE-961F-F1E9460E355B}.Debug|x86.ActiveCfg = Debug|Any CPU
		{A7A90136-0074-4BEE-961F-F1E9460E355B}.Debug|x86.Build.0 = Debug|Any CPU
		{A7A90136-0074-4BEE-961F-F1E9460E355B}.Release|Any CPU.ActiveCfg = Release|Any CPU
		{A7A90136-0074-4BEE-961F-F1E9460E355B}.Release|Any CPU.Build.0 = Release|Any CPU
		{A7A90136-0074-4BEE-961F-F1E9460E355B}.Release|x64.ActiveCfg = Release|Any CPU
		{A7A90136-0074-4BEE-961F-F1E9460E355B}.Release|x64.Build.0 = Release|Any CPU
		{A7A90136-0074-4BEE-961F-F1E9460E355B}.Release|x86.ActiveCfg = Release|Any CPU
		{A7A90136-0074-4BEE-961F-F1E9460E355B}.Release|x86.Build.0 = Release|Any CPU
		{E9CC77C4-0D1A-4E84-9CCD-C2649FB5025A}.Debug|Any CPU.ActiveCfg = Debug|Any CPU
		{E9CC77C4-0D1A-4E84-9CCD-C2649FB5025A}.Debug|Any CPU.Build.0 = Debug|Any CPU
		{E9CC77C4-0D1A-4E84-9CCD-C2649FB5025A}.Debug|x64.ActiveCfg = Debug|x64
		{E9CC77C4-0D1A-4E84-9CCD-C2649FB5025A}.Debug|x64.Build.0 = Debug|x64
		{E9CC77C4-0D1A-4E84-9CCD-C2649FB5025A}.Debug|x86.ActiveCfg = Debug|Any CPU
		{E9CC77C4-0D1A-4E84-9CCD-C2649FB5025A}.Debug|x86.Build.0 = Debug|Any CPU
		{E9CC77C4-0D1A-4E84-9CCD-C2649FB5025A}.Release|Any CPU.ActiveCfg = Release|Any CPU
		{E9CC77C4-0D1A-4E84-9CCD-C2649FB5025A}.Release|Any CPU.Build.0 = Release|Any CPU
		{E9CC77C4-0D1A-4E84-9CCD-C2649FB5025A}.Release|x64.ActiveCfg = Release|x64
		{E9CC77C4-0D1A-4E84-9CCD-C2649FB5025A}.Release|x64.Build.0 = Release|x64
		{E9CC77C4-0D1A-4E84-9CCD-C2649FB5025A}.Release|x86.ActiveCfg = Release|Any CPU
		{E9CC77C4-0D1A-4E84-9CCD-C2649FB5025A}.Release|x86.Build.0 = Release|Any CPU
		{EF4B44DC-5F78-4283-95BF-95BCD9FE1A47}.Debug|Any CPU.ActiveCfg = Debug|Any CPU
		{EF4B44DC-5F78-4283-95BF-95BCD9FE1A47}.Debug|Any CPU.Build.0 = Debug|Any CPU
		{EF4B44DC-5F78-4283-95BF-95BCD9FE1A47}.Debug|x64.ActiveCfg = Debug|Any CPU
		{EF4B44DC-5F78-4283-95BF-95BCD9FE1A47}.Debug|x64.Build.0 = Debug|Any CPU
		{EF4B44DC-5F78-4283-95BF-95BCD9FE1A47}.Debug|x86.ActiveCfg = Debug|Any CPU
		{EF4B44DC-5F78-4283-95BF-95BCD9FE1A47}.Debug|x86.Build.0 = Debug|Any CPU
		{EF4B44DC-5F78-4283-95BF-95BCD9FE1A47}.Release|Any CPU.ActiveCfg = Release|Any CPU
		{EF4B44DC-5F78-4283-95BF-95BCD9FE1A47}.Release|Any CPU.Build.0 = Release|Any CPU
		{EF4B44DC-5F78-4283-95BF-95BCD9FE1A47}.Release|x64.ActiveCfg = Release|Any CPU
		{EF4B44DC-5F78-4283-95BF-95BCD9FE1A47}.Release|x64.Build.0 = Release|Any CPU
		{EF4B44DC-5F78-4283-95BF-95BCD9FE1A47}.Release|x86.ActiveCfg = Release|Any CPU
		{EF4B44DC-5F78-4283-95BF-95BCD9FE1A47}.Release|x86.Build.0 = Release|Any CPU
		{FB630E09-6060-4882-8F47-5DF67209EDEE}.Debug|Any CPU.ActiveCfg = Debug|Any CPU
		{FB630E09-6060-4882-8F47-5DF67209EDEE}.Debug|Any CPU.Build.0 = Debug|Any CPU
		{FB630E09-6060-4882-8F47-5DF67209EDEE}.Debug|x64.ActiveCfg = Debug|Any CPU
		{FB630E09-6060-4882-8F47-5DF67209EDEE}.Debug|x64.Build.0 = Debug|Any CPU
		{FB630E09-6060-4882-8F47-5DF67209EDEE}.Debug|x86.ActiveCfg = Debug|Any CPU
		{FB630E09-6060-4882-8F47-5DF67209EDEE}.Debug|x86.Build.0 = Debug|Any CPU
		{FB630E09-6060-4882-8F47-5DF67209EDEE}.Release|Any CPU.ActiveCfg = Release|Any CPU
		{FB630E09-6060-4882-8F47-5DF67209EDEE}.Release|Any CPU.Build.0 = Release|Any CPU
		{FB630E09-6060-4882-8F47-5DF67209EDEE}.Release|x64.ActiveCfg = Release|Any CPU
		{FB630E09-6060-4882-8F47-5DF67209EDEE}.Release|x64.Build.0 = Release|Any CPU
		{FB630E09-6060-4882-8F47-5DF67209EDEE}.Release|x86.ActiveCfg = Release|Any CPU
		{FB630E09-6060-4882-8F47-5DF67209EDEE}.Release|x86.Build.0 = Release|Any CPU
		{25FEFA17-BBFC-4820-BFA0-F6EAD1156442}.Debug|Any CPU.ActiveCfg = Debug|Any CPU
		{25FEFA17-BBFC-4820-BFA0-F6EAD1156442}.Debug|Any CPU.Build.0 = Debug|Any CPU
		{25FEFA17-BBFC-4820-BFA0-F6EAD1156442}.Debug|x64.ActiveCfg = Debug|Any CPU
		{25FEFA17-BBFC-4820-BFA0-F6EAD1156442}.Debug|x64.Build.0 = Debug|Any CPU
		{25FEFA17-BBFC-4820-BFA0-F6EAD1156442}.Debug|x86.ActiveCfg = Debug|Any CPU
		{25FEFA17-BBFC-4820-BFA0-F6EAD1156442}.Debug|x86.Build.0 = Debug|Any CPU
		{25FEFA17-BBFC-4820-BFA0-F6EAD1156442}.Release|Any CPU.ActiveCfg = Release|Any CPU
		{25FEFA17-BBFC-4820-BFA0-F6EAD1156442}.Release|Any CPU.Build.0 = Release|Any CPU
		{25FEFA17-BBFC-4820-BFA0-F6EAD1156442}.Release|x64.ActiveCfg = Release|Any CPU
		{25FEFA17-BBFC-4820-BFA0-F6EAD1156442}.Release|x64.Build.0 = Release|Any CPU
		{25FEFA17-BBFC-4820-BFA0-F6EAD1156442}.Release|x86.ActiveCfg = Release|Any CPU
		{25FEFA17-BBFC-4820-BFA0-F6EAD1156442}.Release|x86.Build.0 = Release|Any CPU
		{A89F677A-96AB-4188-B13E-187D89207BAD}.Debug|Any CPU.ActiveCfg = Debug|Any CPU
		{A89F677A-96AB-4188-B13E-187D89207BAD}.Debug|Any CPU.Build.0 = Debug|Any CPU
		{A89F677A-96AB-4188-B13E-187D89207BAD}.Debug|x64.ActiveCfg = Debug|Any CPU
		{A89F677A-96AB-4188-B13E-187D89207BAD}.Debug|x64.Build.0 = Debug|Any CPU
		{A89F677A-96AB-4188-B13E-187D89207BAD}.Debug|x86.ActiveCfg = Debug|Any CPU
		{A89F677A-96AB-4188-B13E-187D89207BAD}.Debug|x86.Build.0 = Debug|Any CPU
		{A89F677A-96AB-4188-B13E-187D89207BAD}.Release|Any CPU.ActiveCfg = Release|Any CPU
		{A89F677A-96AB-4188-B13E-187D89207BAD}.Release|Any CPU.Build.0 = Release|Any CPU
		{A89F677A-96AB-4188-B13E-187D89207BAD}.Release|x64.ActiveCfg = Release|Any CPU
		{A89F677A-96AB-4188-B13E-187D89207BAD}.Release|x64.Build.0 = Release|Any CPU
		{A89F677A-96AB-4188-B13E-187D89207BAD}.Release|x86.ActiveCfg = Release|Any CPU
		{A89F677A-96AB-4188-B13E-187D89207BAD}.Release|x86.Build.0 = Release|Any CPU
		{0017B475-D65D-4887-BF83-0EA9993B8BE6}.Debug|Any CPU.ActiveCfg = Debug|Any CPU
		{0017B475-D65D-4887-BF83-0EA9993B8BE6}.Debug|Any CPU.Build.0 = Debug|Any CPU
		{0017B475-D65D-4887-BF83-0EA9993B8BE6}.Debug|x64.ActiveCfg = Debug|Any CPU
		{0017B475-D65D-4887-BF83-0EA9993B8BE6}.Debug|x64.Build.0 = Debug|Any CPU
		{0017B475-D65D-4887-BF83-0EA9993B8BE6}.Debug|x86.ActiveCfg = Debug|Any CPU
		{0017B475-D65D-4887-BF83-0EA9993B8BE6}.Debug|x86.Build.0 = Debug|Any CPU
		{0017B475-D65D-4887-BF83-0EA9993B8BE6}.Release|Any CPU.ActiveCfg = Release|Any CPU
		{0017B475-D65D-4887-BF83-0EA9993B8BE6}.Release|Any CPU.Build.0 = Release|Any CPU
		{0017B475-D65D-4887-BF83-0EA9993B8BE6}.Release|x64.ActiveCfg = Release|Any CPU
		{0017B475-D65D-4887-BF83-0EA9993B8BE6}.Release|x64.Build.0 = Release|Any CPU
		{0017B475-D65D-4887-BF83-0EA9993B8BE6}.Release|x86.ActiveCfg = Release|Any CPU
		{0017B475-D65D-4887-BF83-0EA9993B8BE6}.Release|x86.Build.0 = Release|Any CPU
		{BF412C72-F403-43EF-AE9A-A2ED6790DBF8}.Debug|Any CPU.ActiveCfg = Debug|Any CPU
		{BF412C72-F403-43EF-AE9A-A2ED6790DBF8}.Debug|Any CPU.Build.0 = Debug|Any CPU
		{BF412C72-F403-43EF-AE9A-A2ED6790DBF8}.Debug|x64.ActiveCfg = Debug|Any CPU
		{BF412C72-F403-43EF-AE9A-A2ED6790DBF8}.Debug|x64.Build.0 = Debug|Any CPU
		{BF412C72-F403-43EF-AE9A-A2ED6790DBF8}.Debug|x86.ActiveCfg = Debug|Any CPU
		{BF412C72-F403-43EF-AE9A-A2ED6790DBF8}.Debug|x86.Build.0 = Debug|Any CPU
		{BF412C72-F403-43EF-AE9A-A2ED6790DBF8}.Release|Any CPU.ActiveCfg = Release|Any CPU
		{BF412C72-F403-43EF-AE9A-A2ED6790DBF8}.Release|Any CPU.Build.0 = Release|Any CPU
		{BF412C72-F403-43EF-AE9A-A2ED6790DBF8}.Release|x64.ActiveCfg = Release|Any CPU
		{BF412C72-F403-43EF-AE9A-A2ED6790DBF8}.Release|x64.Build.0 = Release|Any CPU
		{BF412C72-F403-43EF-AE9A-A2ED6790DBF8}.Release|x86.ActiveCfg = Release|Any CPU
		{BF412C72-F403-43EF-AE9A-A2ED6790DBF8}.Release|x86.Build.0 = Release|Any CPU
		{40A57F64-84F8-4A86-A1A0-F9FC4D9A25DB}.Debug|Any CPU.ActiveCfg = Debug|Any CPU
		{40A57F64-84F8-4A86-A1A0-F9FC4D9A25DB}.Debug|Any CPU.Build.0 = Debug|Any CPU
		{40A57F64-84F8-4A86-A1A0-F9FC4D9A25DB}.Debug|x64.ActiveCfg = Debug|Any CPU
		{40A57F64-84F8-4A86-A1A0-F9FC4D9A25DB}.Debug|x64.Build.0 = Debug|Any CPU
		{40A57F64-84F8-4A86-A1A0-F9FC4D9A25DB}.Debug|x86.ActiveCfg = Debug|Any CPU
		{40A57F64-84F8-4A86-A1A0-F9FC4D9A25DB}.Debug|x86.Build.0 = Debug|Any CPU
		{40A57F64-84F8-4A86-A1A0-F9FC4D9A25DB}.Release|Any CPU.ActiveCfg = Release|Any CPU
		{40A57F64-84F8-4A86-A1A0-F9FC4D9A25DB}.Release|Any CPU.Build.0 = Release|Any CPU
		{40A57F64-84F8-4A86-A1A0-F9FC4D9A25DB}.Release|x64.ActiveCfg = Release|Any CPU
		{40A57F64-84F8-4A86-A1A0-F9FC4D9A25DB}.Release|x64.Build.0 = Release|Any CPU
		{40A57F64-84F8-4A86-A1A0-F9FC4D9A25DB}.Release|x86.ActiveCfg = Release|Any CPU
		{40A57F64-84F8-4A86-A1A0-F9FC4D9A25DB}.Release|x86.Build.0 = Release|Any CPU
		{802356B4-7C69-4FD9-BD56-7A160F48D0C1}.Debug|Any CPU.ActiveCfg = Debug|Any CPU
		{802356B4-7C69-4FD9-BD56-7A160F48D0C1}.Debug|Any CPU.Build.0 = Debug|Any CPU
		{802356B4-7C69-4FD9-BD56-7A160F48D0C1}.Debug|x64.ActiveCfg = Debug|Any CPU
		{802356B4-7C69-4FD9-BD56-7A160F48D0C1}.Debug|x64.Build.0 = Debug|Any CPU
		{802356B4-7C69-4FD9-BD56-7A160F48D0C1}.Debug|x86.ActiveCfg = Debug|Any CPU
		{802356B4-7C69-4FD9-BD56-7A160F48D0C1}.Debug|x86.Build.0 = Debug|Any CPU
		{802356B4-7C69-4FD9-BD56-7A160F48D0C1}.Release|Any CPU.ActiveCfg = Release|Any CPU
		{802356B4-7C69-4FD9-BD56-7A160F48D0C1}.Release|Any CPU.Build.0 = Release|Any CPU
		{802356B4-7C69-4FD9-BD56-7A160F48D0C1}.Release|x64.ActiveCfg = Release|Any CPU
		{802356B4-7C69-4FD9-BD56-7A160F48D0C1}.Release|x64.Build.0 = Release|Any CPU
		{802356B4-7C69-4FD9-BD56-7A160F48D0C1}.Release|x86.ActiveCfg = Release|Any CPU
		{802356B4-7C69-4FD9-BD56-7A160F48D0C1}.Release|x86.Build.0 = Release|Any CPU
		{3BF29B5C-7305-4DBB-9FCC-31B400D4F921}.Debug|Any CPU.ActiveCfg = Debug|Any CPU
		{3BF29B5C-7305-4DBB-9FCC-31B400D4F921}.Debug|Any CPU.Build.0 = Debug|Any CPU
		{3BF29B5C-7305-4DBB-9FCC-31B400D4F921}.Debug|x64.ActiveCfg = Debug|Any CPU
		{3BF29B5C-7305-4DBB-9FCC-31B400D4F921}.Debug|x64.Build.0 = Debug|Any CPU
		{3BF29B5C-7305-4DBB-9FCC-31B400D4F921}.Debug|x86.ActiveCfg = Debug|Any CPU
		{3BF29B5C-7305-4DBB-9FCC-31B400D4F921}.Debug|x86.Build.0 = Debug|Any CPU
		{3BF29B5C-7305-4DBB-9FCC-31B400D4F921}.Release|Any CPU.ActiveCfg = Release|Any CPU
		{3BF29B5C-7305-4DBB-9FCC-31B400D4F921}.Release|Any CPU.Build.0 = Release|Any CPU
		{3BF29B5C-7305-4DBB-9FCC-31B400D4F921}.Release|x64.ActiveCfg = Release|Any CPU
		{3BF29B5C-7305-4DBB-9FCC-31B400D4F921}.Release|x64.Build.0 = Release|Any CPU
		{3BF29B5C-7305-4DBB-9FCC-31B400D4F921}.Release|x86.ActiveCfg = Release|Any CPU
		{3BF29B5C-7305-4DBB-9FCC-31B400D4F921}.Release|x86.Build.0 = Release|Any CPU
		{0EA1C663-0B29-4224-AF72-EEAF190B1F08}.Debug|Any CPU.ActiveCfg = Debug|Any CPU
		{0EA1C663-0B29-4224-AF72-EEAF190B1F08}.Debug|Any CPU.Build.0 = Debug|Any CPU
		{0EA1C663-0B29-4224-AF72-EEAF190B1F08}.Debug|x64.ActiveCfg = Debug|Any CPU
		{0EA1C663-0B29-4224-AF72-EEAF190B1F08}.Debug|x64.Build.0 = Debug|Any CPU
		{0EA1C663-0B29-4224-AF72-EEAF190B1F08}.Debug|x86.ActiveCfg = Debug|Any CPU
		{0EA1C663-0B29-4224-AF72-EEAF190B1F08}.Debug|x86.Build.0 = Debug|Any CPU
		{0EA1C663-0B29-4224-AF72-EEAF190B1F08}.Release|Any CPU.ActiveCfg = Release|Any CPU
		{0EA1C663-0B29-4224-AF72-EEAF190B1F08}.Release|Any CPU.Build.0 = Release|Any CPU
		{0EA1C663-0B29-4224-AF72-EEAF190B1F08}.Release|x64.ActiveCfg = Release|Any CPU
		{0EA1C663-0B29-4224-AF72-EEAF190B1F08}.Release|x64.Build.0 = Release|Any CPU
		{0EA1C663-0B29-4224-AF72-EEAF190B1F08}.Release|x86.ActiveCfg = Release|Any CPU
		{0EA1C663-0B29-4224-AF72-EEAF190B1F08}.Release|x86.Build.0 = Release|Any CPU
		{26CDB408-7820-4BBA-9CE5-28FC2F30223A}.Debug|Any CPU.ActiveCfg = Debug|Any CPU
		{26CDB408-7820-4BBA-9CE5-28FC2F30223A}.Debug|Any CPU.Build.0 = Debug|Any CPU
		{26CDB408-7820-4BBA-9CE5-28FC2F30223A}.Debug|x64.ActiveCfg = Debug|Any CPU
		{26CDB408-7820-4BBA-9CE5-28FC2F30223A}.Debug|x64.Build.0 = Debug|Any CPU
		{26CDB408-7820-4BBA-9CE5-28FC2F30223A}.Debug|x86.ActiveCfg = Debug|Any CPU
		{26CDB408-7820-4BBA-9CE5-28FC2F30223A}.Debug|x86.Build.0 = Debug|Any CPU
		{26CDB408-7820-4BBA-9CE5-28FC2F30223A}.Release|Any CPU.ActiveCfg = Release|Any CPU
		{26CDB408-7820-4BBA-9CE5-28FC2F30223A}.Release|Any CPU.Build.0 = Release|Any CPU
		{26CDB408-7820-4BBA-9CE5-28FC2F30223A}.Release|x64.ActiveCfg = Release|Any CPU
		{26CDB408-7820-4BBA-9CE5-28FC2F30223A}.Release|x64.Build.0 = Release|Any CPU
		{26CDB408-7820-4BBA-9CE5-28FC2F30223A}.Release|x86.ActiveCfg = Release|Any CPU
		{26CDB408-7820-4BBA-9CE5-28FC2F30223A}.Release|x86.Build.0 = Release|Any CPU
		{5D73A16D-E0A1-490A-926D-95C41710601C}.Debug|Any CPU.ActiveCfg = Debug|Any CPU
		{5D73A16D-E0A1-490A-926D-95C41710601C}.Debug|Any CPU.Build.0 = Debug|Any CPU
		{5D73A16D-E0A1-490A-926D-95C41710601C}.Debug|x64.ActiveCfg = Debug|Any CPU
		{5D73A16D-E0A1-490A-926D-95C41710601C}.Debug|x64.Build.0 = Debug|Any CPU
		{5D73A16D-E0A1-490A-926D-95C41710601C}.Debug|x86.ActiveCfg = Debug|Any CPU
		{5D73A16D-E0A1-490A-926D-95C41710601C}.Debug|x86.Build.0 = Debug|Any CPU
		{5D73A16D-E0A1-490A-926D-95C41710601C}.Release|Any CPU.ActiveCfg = Release|Any CPU
		{5D73A16D-E0A1-490A-926D-95C41710601C}.Release|Any CPU.Build.0 = Release|Any CPU
		{5D73A16D-E0A1-490A-926D-95C41710601C}.Release|x64.ActiveCfg = Release|Any CPU
		{5D73A16D-E0A1-490A-926D-95C41710601C}.Release|x64.Build.0 = Release|Any CPU
		{5D73A16D-E0A1-490A-926D-95C41710601C}.Release|x86.ActiveCfg = Release|Any CPU
		{5D73A16D-E0A1-490A-926D-95C41710601C}.Release|x86.Build.0 = Release|Any CPU
		{2A30B864-C0F6-4779-8694-4E8749EBCCBE}.Debug|Any CPU.ActiveCfg = Debug|Any CPU
		{2A30B864-C0F6-4779-8694-4E8749EBCCBE}.Debug|Any CPU.Build.0 = Debug|Any CPU
		{2A30B864-C0F6-4779-8694-4E8749EBCCBE}.Debug|x64.ActiveCfg = Debug|Any CPU
		{2A30B864-C0F6-4779-8694-4E8749EBCCBE}.Debug|x64.Build.0 = Debug|Any CPU
		{2A30B864-C0F6-4779-8694-4E8749EBCCBE}.Debug|x86.ActiveCfg = Debug|x86
		{2A30B864-C0F6-4779-8694-4E8749EBCCBE}.Debug|x86.Build.0 = Debug|x86
		{2A30B864-C0F6-4779-8694-4E8749EBCCBE}.Release|Any CPU.ActiveCfg = Release|Any CPU
		{2A30B864-C0F6-4779-8694-4E8749EBCCBE}.Release|Any CPU.Build.0 = Release|Any CPU
		{2A30B864-C0F6-4779-8694-4E8749EBCCBE}.Release|x64.ActiveCfg = Release|Any CPU
		{2A30B864-C0F6-4779-8694-4E8749EBCCBE}.Release|x64.Build.0 = Release|Any CPU
		{2A30B864-C0F6-4779-8694-4E8749EBCCBE}.Release|x86.ActiveCfg = Release|x86
		{2A30B864-C0F6-4779-8694-4E8749EBCCBE}.Release|x86.Build.0 = Release|x86
		{A76B3C99-F1CC-4603-8AB8-D55087274DDA}.Debug|Any CPU.ActiveCfg = Debug|Any CPU
		{A76B3C99-F1CC-4603-8AB8-D55087274DDA}.Debug|Any CPU.Build.0 = Debug|Any CPU
		{A76B3C99-F1CC-4603-8AB8-D55087274DDA}.Debug|x64.ActiveCfg = Debug|Any CPU
		{A76B3C99-F1CC-4603-8AB8-D55087274DDA}.Debug|x64.Build.0 = Debug|Any CPU
		{A76B3C99-F1CC-4603-8AB8-D55087274DDA}.Debug|x86.ActiveCfg = Debug|Any CPU
		{A76B3C99-F1CC-4603-8AB8-D55087274DDA}.Debug|x86.Build.0 = Debug|Any CPU
		{A76B3C99-F1CC-4603-8AB8-D55087274DDA}.Release|Any CPU.ActiveCfg = Release|Any CPU
		{A76B3C99-F1CC-4603-8AB8-D55087274DDA}.Release|Any CPU.Build.0 = Release|Any CPU
		{A76B3C99-F1CC-4603-8AB8-D55087274DDA}.Release|x64.ActiveCfg = Release|Any CPU
		{A76B3C99-F1CC-4603-8AB8-D55087274DDA}.Release|x64.Build.0 = Release|Any CPU
		{A76B3C99-F1CC-4603-8AB8-D55087274DDA}.Release|x86.ActiveCfg = Release|Any CPU
		{A76B3C99-F1CC-4603-8AB8-D55087274DDA}.Release|x86.Build.0 = Release|Any CPU
		{69477DD6-38A8-4AA4-BD4A-FAE867C3BB12}.Debug|Any CPU.ActiveCfg = Debug|Any CPU
		{69477DD6-38A8-4AA4-BD4A-FAE867C3BB12}.Debug|Any CPU.Build.0 = Debug|Any CPU
		{69477DD6-38A8-4AA4-BD4A-FAE867C3BB12}.Debug|x64.ActiveCfg = Debug|Any CPU
		{69477DD6-38A8-4AA4-BD4A-FAE867C3BB12}.Debug|x64.Build.0 = Debug|Any CPU
		{69477DD6-38A8-4AA4-BD4A-FAE867C3BB12}.Debug|x86.ActiveCfg = Debug|Any CPU
		{69477DD6-38A8-4AA4-BD4A-FAE867C3BB12}.Debug|x86.Build.0 = Debug|Any CPU
		{69477DD6-38A8-4AA4-BD4A-FAE867C3BB12}.Release|Any CPU.ActiveCfg = Release|Any CPU
		{69477DD6-38A8-4AA4-BD4A-FAE867C3BB12}.Release|Any CPU.Build.0 = Release|Any CPU
		{69477DD6-38A8-4AA4-BD4A-FAE867C3BB12}.Release|x64.ActiveCfg = Release|Any CPU
		{69477DD6-38A8-4AA4-BD4A-FAE867C3BB12}.Release|x64.Build.0 = Release|Any CPU
		{69477DD6-38A8-4AA4-BD4A-FAE867C3BB12}.Release|x86.ActiveCfg = Release|Any CPU
		{69477DD6-38A8-4AA4-BD4A-FAE867C3BB12}.Release|x86.Build.0 = Release|Any CPU
		{0F47B7AD-BA4A-44DE-AA14-1780EC2D04C5}.Debug|Any CPU.ActiveCfg = Debug|Any CPU
		{0F47B7AD-BA4A-44DE-AA14-1780EC2D04C5}.Debug|Any CPU.Build.0 = Debug|Any CPU
		{0F47B7AD-BA4A-44DE-AA14-1780EC2D04C5}.Debug|x64.ActiveCfg = Debug|Any CPU
		{0F47B7AD-BA4A-44DE-AA14-1780EC2D04C5}.Debug|x64.Build.0 = Debug|Any CPU
		{0F47B7AD-BA4A-44DE-AA14-1780EC2D04C5}.Debug|x86.ActiveCfg = Debug|Any CPU
		{0F47B7AD-BA4A-44DE-AA14-1780EC2D04C5}.Debug|x86.Build.0 = Debug|Any CPU
		{0F47B7AD-BA4A-44DE-AA14-1780EC2D04C5}.Release|Any CPU.ActiveCfg = Release|Any CPU
		{0F47B7AD-BA4A-44DE-AA14-1780EC2D04C5}.Release|Any CPU.Build.0 = Release|Any CPU
		{0F47B7AD-BA4A-44DE-AA14-1780EC2D04C5}.Release|x64.ActiveCfg = Release|Any CPU
		{0F47B7AD-BA4A-44DE-AA14-1780EC2D04C5}.Release|x64.Build.0 = Release|Any CPU
		{0F47B7AD-BA4A-44DE-AA14-1780EC2D04C5}.Release|x86.ActiveCfg = Release|Any CPU
		{0F47B7AD-BA4A-44DE-AA14-1780EC2D04C5}.Release|x86.Build.0 = Release|Any CPU
		{A09D8F39-FE84-48A5-9EB0-A3ABB65E37BB}.Debug|Any CPU.ActiveCfg = Debug|Any CPU
		{A09D8F39-FE84-48A5-9EB0-A3ABB65E37BB}.Debug|Any CPU.Build.0 = Debug|Any CPU
		{A09D8F39-FE84-48A5-9EB0-A3ABB65E37BB}.Debug|x64.ActiveCfg = Debug|Any CPU
		{A09D8F39-FE84-48A5-9EB0-A3ABB65E37BB}.Debug|x64.Build.0 = Debug|Any CPU
		{A09D8F39-FE84-48A5-9EB0-A3ABB65E37BB}.Debug|x86.ActiveCfg = Debug|Any CPU
		{A09D8F39-FE84-48A5-9EB0-A3ABB65E37BB}.Debug|x86.Build.0 = Debug|Any CPU
		{A09D8F39-FE84-48A5-9EB0-A3ABB65E37BB}.Release|Any CPU.ActiveCfg = Release|Any CPU
		{A09D8F39-FE84-48A5-9EB0-A3ABB65E37BB}.Release|Any CPU.Build.0 = Release|Any CPU
		{A09D8F39-FE84-48A5-9EB0-A3ABB65E37BB}.Release|x64.ActiveCfg = Release|Any CPU
		{A09D8F39-FE84-48A5-9EB0-A3ABB65E37BB}.Release|x64.Build.0 = Release|Any CPU
		{A09D8F39-FE84-48A5-9EB0-A3ABB65E37BB}.Release|x86.ActiveCfg = Release|Any CPU
		{A09D8F39-FE84-48A5-9EB0-A3ABB65E37BB}.Release|x86.Build.0 = Release|Any CPU
		{9DCEB315-FBE2-4000-A339-9B431AF137AB}.Debug|Any CPU.ActiveCfg = Debug|Any CPU
		{9DCEB315-FBE2-4000-A339-9B431AF137AB}.Debug|Any CPU.Build.0 = Debug|Any CPU
		{9DCEB315-FBE2-4000-A339-9B431AF137AB}.Debug|x64.ActiveCfg = Debug|Any CPU
		{9DCEB315-FBE2-4000-A339-9B431AF137AB}.Debug|x64.Build.0 = Debug|Any CPU
		{9DCEB315-FBE2-4000-A339-9B431AF137AB}.Debug|x86.ActiveCfg = Debug|Any CPU
		{9DCEB315-FBE2-4000-A339-9B431AF137AB}.Debug|x86.Build.0 = Debug|Any CPU
		{9DCEB315-FBE2-4000-A339-9B431AF137AB}.Release|Any CPU.ActiveCfg = Release|Any CPU
		{9DCEB315-FBE2-4000-A339-9B431AF137AB}.Release|Any CPU.Build.0 = Release|Any CPU
		{9DCEB315-FBE2-4000-A339-9B431AF137AB}.Release|x64.ActiveCfg = Release|Any CPU
		{9DCEB315-FBE2-4000-A339-9B431AF137AB}.Release|x64.Build.0 = Release|Any CPU
		{9DCEB315-FBE2-4000-A339-9B431AF137AB}.Release|x86.ActiveCfg = Release|Any CPU
		{9DCEB315-FBE2-4000-A339-9B431AF137AB}.Release|x86.Build.0 = Release|Any CPU
		{8299A9EB-5DB8-4940-909D-D7DD4AC18FF3}.Debug|Any CPU.ActiveCfg = Debug|Any CPU
		{8299A9EB-5DB8-4940-909D-D7DD4AC18FF3}.Debug|Any CPU.Build.0 = Debug|Any CPU
		{8299A9EB-5DB8-4940-909D-D7DD4AC18FF3}.Debug|x64.ActiveCfg = Debug|Any CPU
		{8299A9EB-5DB8-4940-909D-D7DD4AC18FF3}.Debug|x64.Build.0 = Debug|Any CPU
		{8299A9EB-5DB8-4940-909D-D7DD4AC18FF3}.Debug|x86.ActiveCfg = Debug|Any CPU
		{8299A9EB-5DB8-4940-909D-D7DD4AC18FF3}.Debug|x86.Build.0 = Debug|Any CPU
		{8299A9EB-5DB8-4940-909D-D7DD4AC18FF3}.Release|Any CPU.ActiveCfg = Release|Any CPU
		{8299A9EB-5DB8-4940-909D-D7DD4AC18FF3}.Release|Any CPU.Build.0 = Release|Any CPU
		{8299A9EB-5DB8-4940-909D-D7DD4AC18FF3}.Release|x64.ActiveCfg = Release|Any CPU
		{8299A9EB-5DB8-4940-909D-D7DD4AC18FF3}.Release|x64.Build.0 = Release|Any CPU
		{8299A9EB-5DB8-4940-909D-D7DD4AC18FF3}.Release|x86.ActiveCfg = Release|Any CPU
		{8299A9EB-5DB8-4940-909D-D7DD4AC18FF3}.Release|x86.Build.0 = Release|Any CPU
		{4ABB5756-45D5-47A8-980A-7892083BE96D}.Debug|Any CPU.ActiveCfg = Debug|Any CPU
		{4ABB5756-45D5-47A8-980A-7892083BE96D}.Debug|Any CPU.Build.0 = Debug|Any CPU
		{4ABB5756-45D5-47A8-980A-7892083BE96D}.Debug|x64.ActiveCfg = Debug|Any CPU
		{4ABB5756-45D5-47A8-980A-7892083BE96D}.Debug|x64.Build.0 = Debug|Any CPU
		{4ABB5756-45D5-47A8-980A-7892083BE96D}.Debug|x86.ActiveCfg = Debug|Any CPU
		{4ABB5756-45D5-47A8-980A-7892083BE96D}.Debug|x86.Build.0 = Debug|Any CPU
		{4ABB5756-45D5-47A8-980A-7892083BE96D}.Release|Any CPU.ActiveCfg = Release|Any CPU
		{4ABB5756-45D5-47A8-980A-7892083BE96D}.Release|Any CPU.Build.0 = Release|Any CPU
		{4ABB5756-45D5-47A8-980A-7892083BE96D}.Release|x64.ActiveCfg = Release|Any CPU
		{4ABB5756-45D5-47A8-980A-7892083BE96D}.Release|x64.Build.0 = Release|Any CPU
		{4ABB5756-45D5-47A8-980A-7892083BE96D}.Release|x86.ActiveCfg = Release|Any CPU
		{4ABB5756-45D5-47A8-980A-7892083BE96D}.Release|x86.Build.0 = Release|Any CPU
	EndGlobalSection
	GlobalSection(SolutionProperties) = preSolution
		HideSolutionNode = FALSE
	EndGlobalSection
	GlobalSection(ExtensibilityGlobals) = postSolution
		SolutionGuid = {61F7FB11-1E47-470C-91E2-47F8143E1572}
	EndGlobalSection
EndGlobal
