
Microsoft Visual Studio Solution File, Format Version 12.00
# Visual Studio Version 17
VisualStudioVersion = 17.0.31611.283
MinimumVisualStudioVersion = 10.0.40219.1
Project("{9A19103F-16F7-4668-BE54-9A1E7A4F7556}") = "CSSPApp", "CSSPApp\CSSPApp.csproj", "{EC29C90F-26B3-4FBC-9578-B859941977CD}"
EndProject
Project("{9A19103F-16F7-4668-BE54-9A1E7A4F7556}") = "CSSPScrambleServices", "..\services\CSSPScrambleServices\CSSPScrambleServices.csproj", "{FEB96BE1-ADB2-41B9-98A5-E36C9F919ECD}"
EndProject
Project("{9A19103F-16F7-4668-BE54-9A1E7A4F7556}") = "CSSPScrambleServices.Tests", "..\servicestests\CSSPScrambleServices.Tests\CSSPScrambleServices.Tests.csproj", "{B8331D1B-B6AC-419A-92FD-62ADF022DE69}"
EndProject
Global
	GlobalSection(SolutionConfigurationPlatforms) = preSolution
		Debug|Any CPU = Debug|Any CPU
		Release|Any CPU = Release|Any CPU
	EndGlobalSection
	GlobalSection(ProjectConfigurationPlatforms) = postSolution
		{EC29C90F-26B3-4FBC-9578-B859941977CD}.Debug|Any CPU.ActiveCfg = Debug|Any CPU
		{EC29C90F-26B3-4FBC-9578-B859941977CD}.Debug|Any CPU.Build.0 = Debug|Any CPU
		{EC29C90F-26B3-4FBC-9578-B859941977CD}.Debug|Any CPU.Deploy.0 = Debug|Any CPU
		{EC29C90F-26B3-4FBC-9578-B859941977CD}.Release|Any CPU.ActiveCfg = Release|Any CPU
		{EC29C90F-26B3-4FBC-9578-B859941977CD}.Release|Any CPU.Build.0 = Release|Any CPU
		{EC29C90F-26B3-4FBC-9578-B859941977CD}.Release|Any CPU.Deploy.0 = Release|Any CPU
		{FEB96BE1-ADB2-41B9-98A5-E36C9F919ECD}.Debug|Any CPU.ActiveCfg = Debug|Any CPU
		{FEB96BE1-ADB2-41B9-98A5-E36C9F919ECD}.Debug|Any CPU.Build.0 = Debug|Any CPU
		{FEB96BE1-ADB2-41B9-98A5-E36C9F919ECD}.Release|Any CPU.ActiveCfg = Release|Any CPU
		{FEB96BE1-ADB2-41B9-98A5-E36C9F919ECD}.Release|Any CPU.Build.0 = Release|Any CPU
		{B8331D1B-B6AC-419A-92FD-62ADF022DE69}.Debug|Any CPU.ActiveCfg = Debug|Any CPU
		{B8331D1B-B6AC-419A-92FD-62ADF022DE69}.Debug|Any CPU.Build.0 = Debug|Any CPU
		{B8331D1B-B6AC-419A-92FD-62ADF022DE69}.Release|Any CPU.ActiveCfg = Release|Any CPU
		{B8331D1B-B6AC-419A-92FD-62ADF022DE69}.Release|Any CPU.Build.0 = Release|Any CPU
	EndGlobalSection
	GlobalSection(SolutionProperties) = preSolution
		HideSolutionNode = FALSE
	EndGlobalSection
	GlobalSection(ExtensibilityGlobals) = postSolution
		SolutionGuid = {61F7FB11-1E47-470C-91E2-47F8143E1572}
	EndGlobalSection
EndGlobal
