
Microsoft Visual Studio Solution File, Format Version 12.00
# Visual Studio Version 17
VisualStudioVersion = 17.0.31611.283
MinimumVisualStudioVersion = 10.0.40219.1
Project("{9A19103F-16F7-4668-BE54-9A1E7A4F7556}") = "CSSPApp", "CSSPApp\CSSPApp.csproj", "{EC29C90F-26B3-4FBC-9578-B859941977CD}"
EndProject
Project("{FAE04EC0-301F-11D3-BF4B-00C04F79EFBC}") = "CSSPCultureServices", "..\CSSPCultureServices\CSSPCultureServices.csproj", "{E7D5414B-8AC7-453B-9A02-02ACC6031367}"
EndProject
Project("{FAE04EC0-301F-11D3-BF4B-00C04F79EFBC}") = "TestApp", "..\..\aaa\TestApp\TestApp.csproj", "{ABC4E7BF-5A2C-442D-9513-BC20239E7AD0}"
EndProject
Global
	GlobalSection(SolutionConfigurationPlatforms) = preSolution
		Debug|Any CPU = Debug|Any CPU
		Release|Any CPU = Release|Any CPU
	EndGlobalSection
	GlobalSection(ProjectConfigurationPlatforms) = postSolution
		{EC29C90F-26B3-4FBC-9578-B859941977CD}.Debug|Any CPU.ActiveCfg = Debug|Any CPU
		{EC29C90F-26B3-4FBC-9578-B859941977CD}.Debug|Any CPU.Build.0 = Debug|Any CPU
		{EC29C90F-26B3-4FBC-9578-B859941977CD}.Debug|Any CPU.Deploy.0 = Debug|Any CPU
		{EC29C90F-26B3-4FBC-9578-B859941977CD}.Release|Any CPU.ActiveCfg = Release|Any CPU
		{EC29C90F-26B3-4FBC-9578-B859941977CD}.Release|Any CPU.Build.0 = Release|Any CPU
		{EC29C90F-26B3-4FBC-9578-B859941977CD}.Release|Any CPU.Deploy.0 = Release|Any CPU
		{E7D5414B-8AC7-453B-9A02-02ACC6031367}.Debug|Any CPU.ActiveCfg = Debug|Any CPU
		{E7D5414B-8AC7-453B-9A02-02ACC6031367}.Debug|Any CPU.Build.0 = Debug|Any CPU
		{E7D5414B-8AC7-453B-9A02-02ACC6031367}.Release|Any CPU.ActiveCfg = Release|Any CPU
		{E7D5414B-8AC7-453B-9A02-02ACC6031367}.Release|Any CPU.Build.0 = Release|Any CPU
		{ABC4E7BF-5A2C-442D-9513-BC20239E7AD0}.Debug|Any CPU.ActiveCfg = Debug|Any CPU
		{ABC4E7BF-5A2C-442D-9513-BC20239E7AD0}.Debug|Any CPU.Build.0 = Debug|Any CPU
		{ABC4E7BF-5A2C-442D-9513-BC20239E7AD0}.Debug|Any CPU.Deploy.0 = Debug|Any CPU
		{ABC4E7BF-5A2C-442D-9513-BC20239E7AD0}.Release|Any CPU.ActiveCfg = Release|Any CPU
		{ABC4E7BF-5A2C-442D-9513-BC20239E7AD0}.Release|Any CPU.Build.0 = Release|Any CPU
		{ABC4E7BF-5A2C-442D-9513-BC20239E7AD0}.Release|Any CPU.Deploy.0 = Release|Any CPU
	EndGlobalSection
	GlobalSection(SolutionProperties) = preSolution
		HideSolutionNode = FALSE
	EndGlobalSection
	GlobalSection(ExtensibilityGlobals) = postSolution
		SolutionGuid = {61F7FB11-1E47-470C-91E2-47F8143E1572}
	EndGlobalSection
EndGlobal
